{
  "name": "decorators",
  "version": "1.0.0",
  "lockfileVersion": 1,
  "requires": true,
  "dependencies": {
    "@types/validator": {
      "version": "13.0.0",
      "resolved": "https://registry.npm.taobao.org/@types/validator/download/@types/validator-13.0.0.tgz",
      "integrity": "sha1-Nl8b+Taurd0IVvxBqh1vgtiO5bM="
    },
    "class-validator": {
      "version": "0.12.1",
      "resolved": "https://registry.npm.taobao.org/class-validator/download/class-validator-0.12.1.tgz?cache=0&sync_timestamp=1587212511747&other_urls=https%3A%2F%2Fregistry.npm.taobao.org%2Fclass-validator%2Fdownload%2Fclass-validator-0.12.1.tgz",
      "integrity": "sha1-nompt+goisB+C59VhswIk2nSJ5A=",
      "requires": {
        "@types/validator": "13.0.0",
        "google-libphonenumber": "^3.2.8",
        "validator": "13.0.0"
      }
    },
    "core-decorators": {
      "version": "0.20.0",
      "resolved": "https://registry.npm.taobao.org/core-decorators/download/core-decorators-0.20.0.tgz",
      "integrity": "sha1-YFiWYkBTr4wo775zXCWjAaYcZcU="
    },
    "google-libphonenumber": {
      "version": "3.2.8",
      "resolved": "https://registry.npm.taobao.org/google-libphonenumber/download/google-libphonenumber-3.2.8.tgz",
      "integrity": "sha1-+1iYy64YEE1Fbg/YDfUthgo+srg="
    },
    "lodash": {
      "version": "4.17.15",
      "resolved": "https://registry.npm.taobao.org/lodash/download/lodash-4.17.15.tgz?cache=0&other_urls=https%3A%2F%2Fregistry.npm.taobao.org%2Flodash%2Fdownload%2Flodash-4.17.15.tgz",
      "integrity": "sha1-tEf2ZwoEVbv+7dETku/zMOoJdUg="
    },
    "lodash-decorators": {
      "version": "6.0.1",
      "resolved": "https://registry.npm.taobao.org/lodash-decorators/download/lodash-decorators-6.0.1.tgz",
      "integrity": "sha1-9TR4Ee53kuukcZBCNUVBV4FCJz0=",
      "requires": {
        "tslib": "^1.9.2"
      }
    },
    "tslib": {
      "version": "1.11.1",
      "resolved": "https://registry.npm.taobao.org/tslib/download/tslib-1.11.1.tgz",
      "integrity": "sha1-6xXRKIJ/vuKEFUnhcfRe0zisfjU="
    },
    "validator": {
      "version": "13.0.0",
      "resolved": "https://registry.npm.taobao.org/validator/download/validator-13.0.0.tgz?cache=0&sync_timestamp=1584674192977&other_urls=https%3A%2F%2Fregistry.npm.taobao.org%2Fvalidator%2Fdownload%2Fvalidator-13.0.0.tgz",
      "integrity": "sha1-D7bGu1IY6iPTaKg0fm0PWnDjvKs="
    }
  }
}
