# THIS IS AN AUTOGENERATED FILE. DO NOT EDIT THIS FILE DIRECTLY.
# yarn lockfile v1


"@types/validator@13.0.0":
  version "13.0.0"
  resolved "https://registry.npm.taobao.org/@types/validator/download/@types/validator-13.0.0.tgz#365f1bf936aeaddd0856fc41aa1d6f82d88ee5b3"
  integrity sha1-Nl8b+Taurd0IVvxBqh1vgtiO5bM=

class-validator@0.12.1:
  version "0.12.1"
  resolved "https://registry.npm.taobao.org/class-validator/download/class-validator-0.12.1.tgz?cache=0&sync_timestamp=1587212511747&other_urls=https%3A%2F%2Fregistry.npm.taobao.org%2Fclass-validator%2Fdownload%2Fclass-validator-0.12.1.tgz#9e89a9b7e8288ac07e0b9f5586cc089369d22790"
  integrity sha1-nompt+goisB+C59VhswIk2nSJ5A=
  dependencies:
    "@types/validator" "13.0.0"
    google-libphonenumber "^3.2.8"
    validator "13.0.0"

core-decorators@0.20.0:
  version "0.20.0"
  resolved "https://registry.npm.taobao.org/core-decorators/download/core-decorators-0.20.0.tgz#605896624053af8c28efbe735c25a301a61c65c5"
  integrity sha1-YFiWYkBTr4wo775zXCWjAaYcZcU=

google-libphonenumber@^3.2.8:
  version "3.2.8"
  resolved "https://registry.npm.taobao.org/google-libphonenumber/download/google-libphonenumber-3.2.8.tgz#fb5898cbae18104d456e0fd80df52d860a3eb2b8"
  integrity sha1-+1iYy64YEE1Fbg/YDfUthgo+srg=

lodash-decorators@6.0.1:
  version "6.0.1"
  resolved "https://registry.npm.taobao.org/lodash-decorators/download/lodash-decorators-6.0.1.tgz#f5347811ee7792eba4719042354541578142273d"
  integrity sha1-9TR4Ee53kuukcZBCNUVBV4FCJz0=
  dependencies:
    tslib "^1.9.2"

lodash@4.17.15:
  version "4.17.15"
  resolved "https://registry.npm.taobao.org/lodash/download/lodash-4.17.15.tgz#b447f6670a0455bbfeedd11392eff330ea097548"
  integrity sha1-tEf2ZwoEVbv+7dETku/zMOoJdUg=

tslib@^1.9.2:
  version "1.11.1"
  resolved "https://registry.npm.taobao.org/tslib/download/tslib-1.11.1.tgz#eb15d128827fbee2841549e171f45ed338ac7e35"
  integrity sha1-6xXRKIJ/vuKEFUnhcfRe0zisfjU=

typescript@3.8.3:
  version "3.8.3"
  resolved "https://registry.npm.taobao.org/typescript/download/typescript-3.8.3.tgz?cache=0&sync_timestamp=1587539703294&other_urls=https%3A%2F%2Fregistry.npm.taobao.org%2Ftypescript%2Fdownload%2Ftypescript-3.8.3.tgz#409eb8544ea0335711205869ec458ab109ee1061"
  integrity sha1-QJ64VE6gM1cRIFhp7EWKsQnuEGE=

validator@13.0.0:
  version "13.0.0"
  resolved "https://registry.npm.taobao.org/validator/download/validator-13.0.0.tgz?cache=0&sync_timestamp=1584674192977&other_urls=https%3A%2F%2Fregistry.npm.taobao.org%2Fvalidator%2Fdownload%2Fvalidator-13.0.0.tgz#0fb6c6bb5218ea23d368a8347e6d0f5a70e3bcab"
  integrity sha1-D7bGu1IY6iPTaKg0fm0PWnDjvKs=
